// !$*UTF8*$!
{
	archiveVersion = 1;
	classes = {
	};
	objectVersion = 46;
	objects = {

/* Begin PBXBuildFile section */
		7E5672C71D6ADDDC00EA9987 /* main.m in Sources */ = {isa = PBXBuildFile; fileRef = 7E5672C61D6ADDDC00EA9987 /* main.m */; };
		7E5672CA1D6ADDDC00EA9987 /* AppDelegate.m in Sources */ = {isa = PBXBuildFile; fileRef = 7E5672C91D6ADDDC00EA9987 /* AppDelegate.m */; };
		7E5672CD1D6ADDDC00EA9987 /* ViewController.m in Sources */ = {isa = PBXBuildFile; fileRef = 7E5672CC1D6ADDDC00EA9987 /* ViewController.m */; };
		7E5672D01D6ADDDC00EA9987 /* Main.storyboard in Resources */ = {isa = PBXBuildFile; fileRef = 7E5672CE1D6ADDDC00EA9987 /* Main.storyboard */; };
		7E5672D21D6ADDDC00EA9987 /* Assets.xcassets in Resources */ = {isa = PBXBuildFile; fileRef = 7E5672D11D6ADDDC00EA9987 /* Assets.xcassets */; };
		7E5672D51D6ADDDC00EA9987 /* LaunchScreen.storyboard in Resources */ = {isa = PBXBuildFile; fileRef = 7E5672D31D6ADDDC00EA9987 /* LaunchScreen.storyboard */; };
		7E5672E01D6ADDDC00EA9987 /* BookManagerTests.m in Sources */ = {isa = PBXBuildFile; fileRef = 7E5672DF1D6ADDDC00EA9987 /* BookManagerTests.m */; };
		7E5672EB1D6ADDDC00EA9987 /* BookManagerUITests.m in Sources */ = {isa = PBXBuildFile; fileRef = 7E5672EA1D6ADDDC00EA9987 /* BookManagerUITests.m */; };
/* End PBXBuildFile section */

/* Begin PBXContainerItemProxy section */
		7E5672DC1D6ADDDC00EA9987 /* PBXContainerItemProxy */ = {
			isa = PBXContainerItemProxy;
			containerPortal = 7E5672BA1D6ADDDC00EA9987 /* Project object */;
			proxyType = 1;
			remoteGlobalIDString = 7E5672C11D6ADDDC00EA9987;
			remoteInfo = BookManager;
		};
		7E5672E71D6ADDDC00EA9987 /* PBXContainerItemProxy */ = {
			isa = PBXContainerItemProxy;
			containerPortal = 7E5672BA1D6ADDDC00EA9987 /* Project object */;
			proxyType = 1;
			remoteGlobalIDString = 7E5672C11D6ADDDC00EA9987;
			remoteInfo = BookManager;
		};
/* End PBXContainerItemProxy section */

/* Begin PBXFileReference section */
		7E5672C21D6ADDDC00EA9987 /* BookManager.app */ = {isa = PBXFileReference; explicitFileType = wrapper.application; includeInIndex = 0; path = BookManager.app; sourceTree = BUILT_PRODUCTS_DIR; };
		7E5672C61D6ADDDC00EA9987 /* main.m */ = {isa = PBXFileReference; lastKnownFileType = sourcecode.c.objc; path = main.m; sourceTree = "<group>"; };
		7E5672C81D6ADDDC00EA9987 /* AppDelegate.h */ = {isa = PBXFileReference; lastKnownFileType = sourcecode.c.h; path = AppDelegate.h; sourceTree = "<group>"; };
		7E5672C91D6ADDDC00EA9987 /* AppDelegate.m */ = {isa = PBXFileReference; lastKnownFileType = sourcecode.c.objc; path = AppDelegate.m; sourceTree = "<group>"; };
		7E5672CB1D6ADDDC00EA9987 /* ViewController.h */ = {isa = PBXFileReference; lastKnownFileType = sourcecode.c.h; path = ViewController.h; sourceTree = "<group>"; };
		7E5672CC1D6ADDDC00EA9987 /* ViewController.m */ = {isa = PBXFileReference; lastKnownFileType = sourcecode.c.objc; path = ViewController.m; sourceTree = "<group>"; };
		7E5672CF1D6ADDDC00EA9987 /* Base */ = {isa = PBXFileReference; lastKnownFileType = file.storyboard; name = Base; path = Base.lproj/Main.storyboard; sourceTree = "<group>"; };
		7E5672D11D6ADDDC00EA9987 /* Assets.xcassets */ = {isa = PBXFileReference; lastKnownFileType = folder.assetcatalog; path = Assets.xcassets; sourceTree = "<group>"; };
		7E5672D41D6ADDDC00EA9987 /* Base */ = {isa = PBXFileReference; lastKnownFileType = file.storyboard; name = Base; path = Base.lproj/LaunchScreen.storyboard; sourceTree = "<group>"; };
		7E5672D61D6ADDDC00EA9987 /* Info.plist */ = {isa = PBXFileReference; lastKnownFileType = text.plist.xml; path = Info.plist; sourceTree = "<group>"; };
		7E5672DB1D6ADDDC00EA9987 /* BookManagerTests.xctest */ = {isa = PBXFileReference; explicitFileType = wrapper.cfbundle; includeInIndex = 0; path = BookManagerTests.xctest; sourceTree = BUILT_PRODUCTS_DIR; };
		7E5672DF1D6ADDDC00EA9987 /* BookManagerTests.m */ = {isa = PBXFileReference; lastKnownFileType = sourcecode.c.objc; path = BookManagerTests.m; sourceTree = "<group>"; };
		7E5672E11D6ADDDC00EA9987 /* Info.plist */ = {isa = PBXFileReference; lastKnownFileType = text.plist.xml; path = Info.plist; sourceTree = "<group>"; };
		7E5672E61D6ADDDC00EA9987 /* BookManagerUITests.xctest */ = {isa = PBXFileReference; explicitFileType = wrapper.cfbundle; includeInIndex = 0; path = BookManagerUITests.xctest; sourceTree = BUILT_PRODUCTS_DIR; };
		7E5672EA1D6ADDDC00EA9987 /* BookManagerUITests.m */ = {isa = PBXFileReference; lastKnownFileType = sourcecode.c.objc; path = BookManagerUITests.m; sourceTree = "<group>"; };
		7E5672EC1D6ADDDC00EA9987 /* Info.plist */ = {isa = PBXFileReference; lastKnownFileType = text.plist.xml; path = Info.plist; sourceTree = "<group>"; };
/* End PBXFileReference section */

/* Begin PBXFrameworksBuildPhase section */
		7E5672BF1D6ADDDC00EA9987 /* Frameworks */ = {
			isa = PBXFrameworksBuildPhase;
			buildActionMask = 2147483647;
			files = (
			);
			runOnlyForDeploymentPostprocessing = 0;
		};
		7E5672D81D6ADDDC00EA9987 /* Frameworks */ = {
			isa = PBXFrameworksBuildPhase;
			buildActionMask = 2147483647;
			files = (
			);
			runOnlyForDeploymentPostprocessing = 0;
		};
		7E5672E31D6ADDDC00EA9987 /* Frameworks */ = {
			isa = PBXFrameworksBuildPhase;
			buildActionMask = 2147483647;
			files = (
			);
			runOnlyForDeploymentPostprocessing = 0;
		};
/* End PBXFrameworksBuildPhase section */

/* Begin PBXGroup section */
		7E5672B91D6ADDDC00EA9987 = {
			isa = PBXGroup;
			children = (
				7E5672C41D6ADDDC00EA9987 /* BookManager */,
				7E5672DE1D6ADDDC00EA9987 /* BookManagerTests */,
				7E5672E91D6ADDDC00EA9987 /* BookManagerUITests */,
				7E5672C31D6ADDDC00EA9987 /* Products */,
			);
			sourceTree = "<group>";
		};
		7E5672C31D6ADDDC00EA9987 /* Products */ = {
			isa = PBXGroup;
			children = (
				7E5672C21D6ADDDC00EA9987 /* BookManager.app */,
				7E5672DB1D6ADDDC00EA9987 /* BookManagerTests.xctest */,
				7E5672E61D6ADDDC00EA9987 /* BookManagerUITests.xctest */,
			);
			name = Products;
			sourceTree = "<group>";
		};
		7E5672C41D6ADDDC00EA9987 /* BookManager */ = {
			isa = PBXGroup;
			children = (
				7E5672C81D6ADDDC00EA9987 /* AppDelegate.h */,
				7E5672C91D6ADDDC00EA9987 /* AppDelegate.m */,
				7E5672CB1D6ADDDC00EA9987 /* ViewController.h */,
				7E5672CC1D6ADDDC00EA9987 /* ViewController.m */,
				7E5672CE1D6ADDDC00EA9987 /* Main.storyboard */,
				7E5672D11D6ADDDC00EA9987 /* Assets.xcassets */,
				7E5672D31D6ADDDC00EA9987 /* LaunchScreen.storyboard */,
				7E5672D61D6ADDDC00EA9987 /* Info.plist */,
				7E5672C51D6ADDDC00EA9987 /* Supporting Files */,
			);
			path = BookManager;
			sourceTree = "<group>";
		};
		7E5672C51D6ADDDC00EA9987 /* Supporting Files */ = {
			isa = PBXGroup;
			children = (
				7E5672C61D6ADDDC00EA9987 /* main.m */,
			);
			name = "Supporting Files";
			sourceTree = "<group>";
		};
		7E5672DE1D6ADDDC00EA9987 /* BookManagerTests */ = {
			isa = PBXGroup;
			children = (
				7E5672DF1D6ADDDC00EA9987 /* BookManagerTests.m */,
				7E5672E11D6ADDDC00EA9987 /* Info.plist */,
			);
			path = BookManagerTests;
			sourceTree = "<group>";
		};
		7E5672E91D6ADDDC00EA9987 /* BookManagerUITests */ = {
			isa = PBXGroup;
			children = (
				7E5672EA1D6ADDDC00EA9987 /* BookManagerUITests.m */,
				7E5672EC1D6ADDDC00EA9987 /* Info.plist */,
			);
			path = BookManagerUITests;
			sourceTree = "<group>";
		};
/* End PBXGroup section */

/* Begin PBXNativeTarget section */
		7E5672C11D6ADDDC00EA9987 /* BookManager */ = {
			isa = PBXNativeTarget;
			buildConfigurationList = 7E5672EF1D6ADDDC00EA9987 /* Build configuration list for PBXNativeTarget "BookManager" */;
			buildPhases = (
				7E5672BE1D6ADDDC00EA9987 /* Sources */,
				7E5672BF1D6ADDDC00EA9987 /* Frameworks */,
				7E5672C01D6ADDDC00EA9987 /* Resources */,
			);
			buildRules = (
			);
			dependencies = (
			);
			name = BookManager;
			productName = BookManager;
			productReference = 7E5672C21D6ADDDC00EA9987 /* BookManager.app */;
			productType = "com.apple.product-type.application";
		};
		7E5672DA1D6ADDDC00EA9987 /* BookManagerTests */ = {
			isa = PBXNativeTarget;
			buildConfigurationList = 7E5672F21D6ADDDC00EA9987 /* Build configuration list for PBXNativeTarget "BookManagerTests" */;
			buildPhases = (
				7E5672D71D6ADDDC00EA9987 /* Sources */,
				7E5672D81D6ADDDC00EA9987 /* Frameworks */,
				7E5672D91D6ADDDC00EA9987 /* Resources */,
			);
			buildRules = (
			);
			dependencies = (
				7E5672DD1D6ADDDC00EA9987 /* PBXTargetDependency */,
			);
			name = BookManagerTests;
			productName = BookManagerTests;
			productReference = 7E5672DB1D6ADDDC00EA9987 /* BookManagerTests.xctest */;
			productType = "com.apple.product-type.bundle.unit-test";
		};
		7E5672E51D6ADDDC00EA9987 /* BookManagerUITests */ = {
			isa = PBXNativeTarget;
			buildConfigurationList = 7E5672F51D6ADDDC00EA9987 /* Build configuration list for PBXNativeTarget "BookManagerUITests" */;
			buildPhases = (
				7E5672E21D6ADDDC00EA9987 /* Sources */,
				7E5672E31D6ADDDC00EA9987 /* Frameworks */,
				7E5672E41D6ADDDC00EA9987 /* Resources */,
			);
			buildRules = (
			);
			dependencies = (
				7E5672E81D6ADDDC00EA9987 /* PBXTargetDependency */,
			);
			name = BookManagerUITests;
			productName = BookManagerUITests;
			productReference = 7E5672E61D6ADDDC00EA9987 /* BookManagerUITests.xctest */;
			productType = "com.apple.product-type.bundle.ui-testing";
		};
/* End PBXNativeTarget section */

/* Begin PBXProject section */
		7E5672BA1D6ADDDC00EA9987 /* Project object */ = {
			isa = PBXProject;
			attributes = {
				LastUpgradeCheck = 0730;
				ORGANIZATIONNAME = "hikaru kobori";
				TargetAttributes = {
					7E5672C11D6ADDDC00EA9987 = {
						CreatedOnToolsVersion = 7.3.1;
						DevelopmentTeam = X79K7SCB68;
					};
					7E5672DA1D6ADDDC00EA9987 = {
						CreatedOnToolsVersion = 7.3.1;
						DevelopmentTeam = X79K7SCB68;
						TestTargetID = 7E5672C11D6ADDDC00EA9987;
					};
					7E5672E51D6ADDDC00EA9987 = {
						CreatedOnToolsVersion = 7.3.1;
						DevelopmentTeam = X79K7SCB68;
						TestTargetID = 7E5672C11D6ADDDC00EA9987;
					};
				};
			};
			buildConfigurationList = 7E5672BD1D6ADDDC00EA9987 /* Build configuration list for PBXProject "BookManager" */;
			compatibilityVersion = "Xcode 3.2";
			developmentRegion = English;
			hasScannedForEncodings = 0;
			knownRegions = (
				en,
				Base,
			);
			mainGroup = 7E5672B91D6ADDDC00EA9987;
			productRefGroup = 7E5672C31D6ADDDC00EA9987 /* Products */;
			projectDirPath = "";
			projectRoot = "";
			targets = (
				7E5672C11D6ADDDC00EA9987 /* BookManager */,
				7E5672DA1D6ADDDC00EA9987 /* BookManagerTests */,
				7E5672E51D6ADDDC00EA9987 /* BookManagerUITests */,
			);
		};
/* End PBXProject section */

/* Begin PBXResourcesBuildPhase section */
		7E5672C01D6ADDDC00EA9987 /* Resources */ = {
			isa = PBXResourcesBuildPhase;
			buildActionMask = 2147483647;
			files = (
				7E5672D51D6ADDDC00EA9987 /* LaunchScreen.storyboard in Resources */,
				7E5672D21D6ADDDC00EA9987 /* Assets.xcassets in Resources */,
				7E5672D01D6ADDDC00EA9987 /* Main.storyboard in Resources */,
			);
			runOnlyForDeploymentPostprocessing = 0;
		};
		7E5672D91D6ADDDC00EA9987 /* Resources */ = {
			isa = PBXResourcesBuildPhase;
			buildActionMask = 2147483647;
			files = (
			);
			runOnlyForDeploymentPostprocessing = 0;
		};
		7E5672E41D6ADDDC00EA9987 /* Resources */ = {
			isa = PBXResourcesBuildPhase;
			buildActionMask = 2147483647;
			files = (
			);
			runOnlyForDeploymentPostprocessing = 0;
		};
/* End PBXResourcesBuildPhase section */

/* Begin PBXSourcesBuildPhase section */
		7E5672BE1D6ADDDC00EA9987 /* Sources */ = {
			isa = PBXSourcesBuildPhase;
			buildActionMask = 2147483647;
			files = (
				7E5672CD1D6ADDDC00EA9987 /* ViewController.m in Sources */,
				7E5672CA1D6ADDDC00EA9987 /* AppDelegate.m in Sources */,
				7E5672C71D6ADDDC00EA9987 /* main.m in Sources */,
			);
			runOnlyForDeploymentPostprocessing = 0;
		};
		7E5672D71D6ADDDC00EA9987 /* Sources */ = {
			isa = PBXSourcesBuildPhase;
			buildActionMask = 2147483647;
			files = (
				7E5672E01D6ADDDC00EA9987 /* BookManagerTests.m in Sources */,
			);
			runOnlyForDeploymentPostprocessing = 0;
		};
		7E5672E21D6ADDDC00EA9987 /* Sources */ = {
			isa = PBXSourcesBuildPhase;
			buildActionMask = 2147483647;
			files = (
				7E5672EB1D6ADDDC00EA9987 /* BookManagerUITests.m in Sources */,
			);
			runOnlyForDeploymentPostprocessing = 0;
		};
/* End PBXSourcesBuildPhase section */

/* Begin PBXTargetDependency section */
		7E5672DD1D6ADDDC00EA9987 /* PBXTargetDependency */ = {
			isa = PBXTargetDependency;
			target = 7E5672C11D6ADDDC00EA9987 /* BookManager */;
			targetProxy = 7E5672DC1D6ADDDC00EA9987 /* PBXContainerItemProxy */;
		};
		7E5672E81D6ADDDC00EA9987 /* PBXTargetDependency */ = {
			isa = PBXTargetDependency;
			target = 7E5672C11D6ADDDC00EA9987 /* BookManager */;
			targetProxy = 7E5672E71D6ADDDC00EA9987 /* PBXContainerItemProxy */;
		};
/* End PBXTargetDependency section */

/* Begin PBXVariantGroup section */
		7E5672CE1D6ADDDC00EA9987 /* Main.storyboard */ = {
			isa = PBXVariantGroup;
			children = (
				7E5672CF1D6ADDDC00EA9987 /* Base */,
			);
			name = Main.storyboard;
			sourceTree = "<group>";
		};
		7E5672D31D6ADDDC00EA9987 /* LaunchScreen.storyboard */ = {
			isa = PBXVariantGroup;
			children = (
				7E5672D41D6ADDDC00EA9987 /* Base */,
			);
			name = LaunchScreen.storyboard;
			sourceTree = "<group>";
		};
/* End PBXVariantGroup section */

/* Begin XCBuildConfiguration section */
		7E5672ED1D6ADDDC00EA9987 /* Debug */ = {
			isa = XCBuildConfiguration;
			buildSettings = {
				ALWAYS_SEARCH_USER_PATHS = NO;
				CLANG_ANALYZER_NONNULL = YES;
				CLANG_CXX_LANGUAGE_STANDARD = "gnu++0x";
				CLANG_CXX_LIBRARY = "libc++";
				CLANG_ENABLE_MODULES = YES;
				CLANG_ENABLE_OBJC_ARC = YES;
				CLANG_WARN_BOOL_CONVERSION = YES;
				CLANG_WARN_CONSTANT_CONVERSION = YES;
				CLANG_WARN_DIRECT_OBJC_ISA_USAGE = YES_ERROR;
				CLANG_WARN_EMPTY_BODY = YES;
				CLANG_WARN_ENUM_CONVERSION = YES;
				CLANG_WARN_INT_CONVERSION = YES;
				CLANG_WARN_OBJC_ROOT_CLASS = YES_ERROR;
				CLANG_WARN_UNREACHABLE_CODE = YES;
				CLANG_WARN__DUPLICATE_METHOD_MATCH = YES;
				"CODE_SIGN_IDENTITY[sdk=iphoneos*]" = "iPhone Developer";
				COPY_PHASE_STRIP = NO;
				DEBUG_INFORMATION_FORMAT = dwarf;
				ENABLE_STRICT_OBJC_MSGSEND = YES;
				ENABLE_TESTABILITY = YES;
				GCC_C_LANGUAGE_STANDARD = gnu99;
				GCC_DYNAMIC_NO_PIC = NO;
				GCC_NO_COMMON_BLOCKS = YES;
				GCC_OPTIMIZATION_LEVEL = 0;
				GCC_PREPROCESSOR_DEFINITIONS = (
					"DEBUG=1",
					"$(inherited)",
				);
				GCC_WARN_64_TO_32_BIT_CONVERSION = YES;
				GCC_WARN_ABOUT_RETURN_TYPE = YES_ERROR;
				GCC_WARN_UNDECLARED_SELECTOR = YES;
				GCC_WARN_UNINITIALIZED_AUTOS = YES_AGGRESSIVE;
				GCC_WARN_UNUSED_FUNCTION = YES;
				GCC_WARN_UNUSED_VARIABLE = YES;
				IPHONEOS_DEPLOYMENT_TARGET = 9.3;
				MTL_ENABLE_DEBUG_INFO = YES;
				ONLY_ACTIVE_ARCH = YES;
				SDKROOT = iphoneos;
			};
			name = Debug;
		};
		7E5672EE1D6ADDDC00EA9987 /* Release */ = {
			isa = XCBuildConfiguration;
			buildSettings = {
				ALWAYS_SEARCH_USER_PATHS = NO;
				CLANG_ANALYZER_NONNULL = YES;
				CLANG_CXX_LANGUAGE_STANDARD = "gnu++0x";
				CLANG_CXX_LIBRARY = "libc++";
				CLANG_ENABLE_MODULES = YES;
				CLANG_ENABLE_OBJC_ARC = YES;
				CLANG_WARN_BOOL_CONVERSION = YES;
				CLANG_WARN_CONSTANT_CONVERSION = YES;
				CLANG_WARN_DIRECT_OBJC_ISA_USAGE = YES_ERROR;
				CLANG_WARN_EMPTY_BODY = YES;
				CLANG_WARN_ENUM_CONVERSION = YES;
				CLANG_WARN_INT_CONVERSION = YES;
				CLANG_WARN_OBJC_ROOT_CLASS = YES_ERROR;
				CLANG_WARN_UNREACHABLE_CODE = YES;
				CLANG_WARN__DUPLICATE_METHOD_MATCH = YES;
				"CODE_SIGN_IDENTITY[sdk=iphoneos*]" = "iPhone Developer";
				COPY_PHASE_STRIP = NO;
				DEBUG_INFORMATION_FORMAT = "dwarf-with-dsym";
				ENABLE_NS_ASSERTIONS = NO;
				ENABLE_STRICT_OBJC_MSGSEND = YES;
				GCC_C_LANGUAGE_STANDARD = gnu99;
				GCC_NO_COMMON_BLOCKS = YES;
				GCC_WARN_64_TO_32_BIT_CONVERSION = YES;
				GCC_WARN_ABOUT_RETURN_TYPE = YES_ERROR;
				GCC_WARN_UNDECLARED_SELECTOR = YES;
				GCC_WARN_UNINITIALIZED_AUTOS = YES_AGGRESSIVE;
				GCC_WARN_UNUSED_FUNCTION = YES;
				GCC_WARN_UNUSED_VARIABLE = YES;
				IPHONEOS_DEPLOYMENT_TARGET = 9.3;
				MTL_ENABLE_DEBUG_INFO = NO;
				SDKROOT = iphoneos;
				VALIDATE_PRODUCT = YES;
			};
			name = Release;
		};
		7E5672F01D6ADDDC00EA9987 /* Debug */ = {
			isa = XCBuildConfiguration;
			buildSettings = {
				ASSETCATALOG_COMPILER_APPICON_NAME = AppIcon;
				INFOPLIST_FILE = BookManager/Info.plist;
				LD_RUNPATH_SEARCH_PATHS = "$(inherited) @executable_path/Frameworks";
				PRODUCT_BUNDLE_IDENTIFIER = com.anneau.BookManager;
				PRODUCT_NAME = "$(TARGET_NAME)";
			};
			name = Debug;
		};
		7E5672F11D6ADDDC00EA9987 /* Release */ = {
			isa = XCBuildConfiguration;
			buildSettings = {
				ASSETCATALOG_COMPILER_APPICON_NAME = AppIcon;
				INFOPLIST_FILE = BookManager/Info.plist;
				LD_RUNPATH_SEARCH_PATHS = "$(inherited) @executable_path/Frameworks";
				PRODUCT_BUNDLE_IDENTIFIER = com.anneau.BookManager;
				PRODUCT_NAME = "$(TARGET_NAME)";
			};
			name = Release;
		};
		7E5672F31D6ADDDC00EA9987 /* Debug */ = {
			isa = XCBuildConfiguration;
			buildSettings = {
				BUNDLE_LOADER = "$(TEST_HOST)";
				INFOPLIST_FILE = BookManagerTests/Info.plist;
				LD_RUNPATH_SEARCH_PATHS = "$(inherited) @executable_path/Frameworks @loader_path/Frameworks";
				PRODUCT_BUNDLE_IDENTIFIER = com.anneau.BookManagerTests;
				PRODUCT_NAME = "$(TARGET_NAME)";
				TEST_HOST = "$(BUILT_PRODUCTS_DIR)/BookManager.app/BookManager";
			};
			name = Debug;
		};
		7E5672F41D6ADDDC00EA9987 /* Release */ = {
			isa = XCBuildConfiguration;
			buildSettings = {
				BUNDLE_LOADER = "$(TEST_HOST)";
				INFOPLIST_FILE = BookManagerTests/Info.plist;
				LD_RUNPATH_SEARCH_PATHS = "$(inherited) @executable_path/Frameworks @loader_path/Frameworks";
				PRODUCT_BUNDLE_IDENTIFIER = com.anneau.BookManagerTests;
				PRODUCT_NAME = "$(TARGET_NAME)";
				TEST_HOST = "$(BUILT_PRODUCTS_DIR)/BookManager.app/BookManager";
			};
			name = Release;
		};
		7E5672F61D6ADDDC00EA9987 /* Debug */ = {
			isa = XCBuildConfiguration;
			buildSettings = {
				INFOPLIST_FILE = BookManagerUITests/Info.plist;
				LD_RUNPATH_SEARCH_PATHS = "$(inherited) @executable_path/Frameworks @loader_path/Frameworks";
				PRODUCT_BUNDLE_IDENTIFIER = com.anneau.BookManagerUITests;
				PRODUCT_NAME = "$(TARGET_NAME)";
				TEST_TARGET_NAME = BookManager;
			};
			name = Debug;
		};
		7E5672F71D6ADDDC00EA9987 /* Release */ = {
			isa = XCBuildConfiguration;
			buildSettings = {
				INFOPLIST_FILE = BookManagerUITests/Info.plist;
				LD_RUNPATH_SEARCH_PATHS = "$(inherited) @executable_path/Frameworks @loader_path/Frameworks";
				PRODUCT_BUNDLE_IDENTIFIER = com.anneau.BookManagerUITests;
				PRODUCT_NAME = "$(TARGET_NAME)";
				TEST_TARGET_NAME = BookManager;
			};
			name = Release;
		};
/* End XCBuildConfiguration section */

/* Begin XCConfigurationList section */
		7E5672BD1D6ADDDC00EA9987 /* Build configuration list for PBXProject "BookManager" */ = {
			isa = XCConfigurationList;
			buildConfigurations = (
				7E5672ED1D6ADDDC00EA9987 /* Debug */,
				7E5672EE1D6ADDDC00EA9987 /* Release */,
			);
			defaultConfigurationIsVisible = 0;
			defaultConfigurationName = Release;
		};
		7E5672EF1D6ADDDC00EA9987 /* Build configuration list for PBXNativeTarget "BookManager" */ = {
			isa = XCConfigurationList;
			buildConfigurations = (
				7E5672F01D6ADDDC00EA9987 /* Debug */,
				7E5672F11D6ADDDC00EA9987 /* Release */,
			);
			defaultConfigurationIsVisible = 0;
		};
		7E5672F21D6ADDDC00EA9987 /* Build configuration list for PBXNativeTarget "BookManagerTests" */ = {
			isa = XCConfigurationList;
			buildConfigurations = (
				7E5672F31D6ADDDC00EA9987 /* Debug */,
				7E5672F41D6ADDDC00EA9987 /* Release */,
			);
			defaultConfigurationIsVisible = 0;
		};
		7E5672F51D6ADDDC00EA9987 /* Build configuration list for PBXNativeTarget "BookManagerUITests" */ = {
			isa = XCConfigurationList;
			buildConfigurations = (
				7E5672F61D6ADDDC00EA9987 /* Debug */,
				7E5672F71D6ADDDC00EA9987 /* Release */,
			);
			defaultConfigurationIsVisible = 0;
		};
/* End XCConfigurationList section */
	};
	rootObject = 7E5672BA1D6ADDDC00EA9987 /* Project object */;
}
